{
  "name": "lyo-kernel",
  "version": "0.1.5",
  "lockfileVersion": 3,
  "requires": true,
  "packages": {
    "": {
      "name": "lyo-kernel",
      "version": "0.1.5",
      "license": "SEE LICENSE IN LICENSE.md",
      "bin": {
        "lyo": "src/cli.ts"
      },
      "engines": {
        "node": ">=24.0.0"
      }
    }
  }
}
